
Microsoft Visual Studio Solution File, Format Version 12.00
# Visual Studio Version 17
VisualStudioVersion = 17.0.32126.317
MinimumVisualStudioVersion = 10.0.40219.1
Project("{FAE04EC0-301F-11D3-BF4B-00C04F79EFBC}") = "CalculatorKata", "CalculatorKata\CalculatorKata.csproj", "{07E93B02-29C0-445F-9159-445F5F46B152}"
EndProject
Project("{FAE04EC0-301F-11D3-BF4B-00C04F79EFBC}") = "CalculatorKataTest", "CalculatorKataTest\CalculatorKataTest.csproj", "{9B68A895-AB9E-4470-9522-C09F929F7A65}"
EndProject
Global
	GlobalSection(SolutionConfigurationPlatforms) = preSolution
		Debug|Any CPU = Debug|Any CPU
		Release|Any CPU = Release|Any CPU
	EndGlobalSection
	GlobalSection(ProjectConfigurationPlatforms) = postSolution
		{07E93B02-29C0-445F-9159-445F5F46B152}.Debug|Any CPU.ActiveCfg = Debug|Any CPU
		{07E93B02-29C0-445F-9159-445F5F46B152}.Debug|Any CPU.Build.0 = Debug|Any CPU
		{07E93B02-29C0-445F-9159-445F5F46B152}.Release|Any CPU.ActiveCfg = Release|Any CPU
		{07E93B02-29C0-445F-9159-445F5F46B152}.Release|Any CPU.Build.0 = Release|Any CPU
		{9B68A895-AB9E-4470-9522-C09F929F7A65}.Debug|Any CPU.ActiveCfg = Debug|Any CPU
		{9B68A895-AB9E-4470-9522-C09F929F7A65}.Debug|Any CPU.Build.0 = Debug|Any CPU
		{9B68A895-AB9E-4470-9522-C09F929F7A65}.Release|Any CPU.ActiveCfg = Release|Any CPU
		{9B68A895-AB9E-4470-9522-C09F929F7A65}.Release|Any CPU.Build.0 = Release|Any CPU
	EndGlobalSection
	GlobalSection(SolutionProperties) = preSolution
		HideSolutionNode = FALSE
	EndGlobalSection
	GlobalSection(ExtensibilityGlobals) = postSolution
		SolutionGuid = {2A6B0F09-0632-4148-8CC0-24F798D644ED}
	EndGlobalSection
EndGlobal
